
Microsoft Visual Studio Solution File, Format Version 12.00
# Visual Studio 15
VisualStudioVersion = 15.0.26124.0
MinimumVisualStudioVersion = 15.0.26124.0
Project("{FAE04EC0-301F-11D3-BF4B-00C04F79EFBC}") = "ContosoOnlineOrders.Api", "ContosoOnlineOrders.Api\ContosoOnlineOrders.Api.csproj", "{27B53267-1B4D-403F-9667-7031CEC537A3}"
EndProject
Project("{FAE04EC0-301F-11D3-BF4B-00C04F79EFBC}") = "ContosoOnlineOrders.NSwagGeneratedClient", "ContosoOnlineOrders.NSwagGeneratedClient\ContosoOnlineOrders.NSwagGeneratedClient.csproj", "{5D4ADB9E-933F-4D91-8EF9-788678E2C0CE}"
EndProject
Global
	GlobalSection(SolutionConfigurationPlatforms) = preSolution
		Debug|Any CPU = Debug|Any CPU
		Debug|x64 = Debug|x64
		Debug|x86 = Debug|x86
		Release|Any CPU = Release|Any CPU
		Release|x64 = Release|x64
		Release|x86 = Release|x86
		WellDescribed|Any CPU = WellDescribed|Any CPU
	EndGlobalSection
	GlobalSection(SolutionProperties) = preSolution
		HideSolutionNode = FALSE
	EndGlobalSection
	GlobalSection(ProjectConfigurationPlatforms) = postSolution
		{27B53267-1B4D-403F-9667-7031CEC537A3}.Debug|Any CPU.ActiveCfg = Debug|Any CPU
		{27B53267-1B4D-403F-9667-7031CEC537A3}.Debug|Any CPU.Build.0 = Debug|Any CPU
		{27B53267-1B4D-403F-9667-7031CEC537A3}.Debug|x64.ActiveCfg = Debug|Any CPU
		{27B53267-1B4D-403F-9667-7031CEC537A3}.Debug|x64.Build.0 = Debug|Any CPU
		{27B53267-1B4D-403F-9667-7031CEC537A3}.Debug|x86.ActiveCfg = Debug|Any CPU
		{27B53267-1B4D-403F-9667-7031CEC537A3}.Debug|x86.Build.0 = Debug|Any CPU
		{27B53267-1B4D-403F-9667-7031CEC537A3}.Release|Any CPU.ActiveCfg = Release|Any CPU
		{27B53267-1B4D-403F-9667-7031CEC537A3}.Release|Any CPU.Build.0 = Release|Any CPU
		{27B53267-1B4D-403F-9667-7031CEC537A3}.Release|x64.ActiveCfg = Release|Any CPU
		{27B53267-1B4D-403F-9667-7031CEC537A3}.Release|x64.Build.0 = Release|Any CPU
		{27B53267-1B4D-403F-9667-7031CEC537A3}.Release|x86.ActiveCfg = Release|Any CPU
		{27B53267-1B4D-403F-9667-7031CEC537A3}.Release|x86.Build.0 = Release|Any CPU
		{5D4ADB9E-933F-4D91-8EF9-788678E2C0CE}.Debug|Any CPU.ActiveCfg = Debug|Any CPU
		{5D4ADB9E-933F-4D91-8EF9-788678E2C0CE}.Debug|Any CPU.Build.0 = Debug|Any CPU
		{5D4ADB9E-933F-4D91-8EF9-788678E2C0CE}.Debug|x64.ActiveCfg = Debug|Any CPU
		{5D4ADB9E-933F-4D91-8EF9-788678E2C0CE}.Debug|x64.Build.0 = Debug|Any CPU
		{5D4ADB9E-933F-4D91-8EF9-788678E2C0CE}.Debug|x86.ActiveCfg = Debug|Any CPU
		{5D4ADB9E-933F-4D91-8EF9-788678E2C0CE}.Debug|x86.Build.0 = Debug|Any CPU
		{5D4ADB9E-933F-4D91-8EF9-788678E2C0CE}.Release|Any CPU.ActiveCfg = Release|Any CPU
		{5D4ADB9E-933F-4D91-8EF9-788678E2C0CE}.Release|Any CPU.Build.0 = Release|Any CPU
		{5D4ADB9E-933F-4D91-8EF9-788678E2C0CE}.Release|x64.ActiveCfg = Release|Any CPU
		{5D4ADB9E-933F-4D91-8EF9-788678E2C0CE}.Release|x64.Build.0 = Release|Any CPU
		{5D4ADB9E-933F-4D91-8EF9-788678E2C0CE}.Release|x86.ActiveCfg = Release|Any CPU
		{5D4ADB9E-933F-4D91-8EF9-788678E2C0CE}.Release|x86.Build.0 = Release|Any CPU
	EndGlobalSection
EndGlobal
